<?xml version="1.0" encoding="UTF-8"?>
<CONFIG>
  <ProjectOptions>
    <Version Value="9"/>
    <General>
      <MainUnit Value="0"/>
      <UseXPManifest Value="True"/>
      <Icon Value="0"/>
    </General>
    <VersionInfo>
      <Language Value=""/>
      <CharSet Value=""/>
      <StringTable ProductVersion=""/>
    </VersionInfo>
    <BuildModes Count="1">
      <Item1 Name="default" Default="True"/>
    </BuildModes>
    <PublishOptions>
      <Version Value="2"/>
      <IgnoreBinaries Value="False"/>
      <IncludeFileFilter Value="*.(pas|pp|inc|lfm|lpr|lrs|lpi|lpk|sh|xml)"/>
      <ExcludeFileFilter Value="*.(bak|ppu|ppw|o|so);*~;backup"/>
    </PublishOptions>
    <RunParams>
      <local>
        <FormatVersion Value="1"/>
        <LaunchingApplication PathPlusParams="/usr/X11R6/bin/xterm -T 'Lazarus Run Output' -e $(LazarusDir)/tools/runwait.sh $(TargetCmdLine)"/>
      </local>
    </RunParams>
    <RequiredPackages Count="1">
      <Item1>
        <PackageName Value="LCL"/>
      </Item1>
    </RequiredPackages>
    <Units Count="8">
      <Unit0>
        <Filename Value="streamcopy.lpr"/>
        <IsPartOfProject Value="True"/>
        <EditorIndex Value="1"/>
        <CursorPos Y="13"/>
        <UsageCount Value="20"/>
        <Loaded Value="True"/>
        <LoadedDesigner Value="True"/>
      </Unit0>
      <Unit1>
        <Filename Value="main.pas"/>
        <IsPartOfProject Value="True"/>
        <ComponentName Value="fmMain"/>
        <HasResources Value="True"/>
        <ResourceBaseClass Value="Form"/>
        <IsVisibleTab Value="True"/>
        <CursorPos X="92" Y="25"/>
        <UsageCount Value="20"/>
        <Loaded Value="True"/>
        <LoadedDesigner Value="True"/>
      </Unit1>
      <Unit2>
        <Filename Value="../../../../../usr/share/fpcsrc/2.2.4/rtl/objpas/classes/classesh.inc"/>
        <EditorIndex Value="-1"/>
        <TopLine Value="764"/>
        <CursorPos X="17" Y="789"/>
        <UsageCount Value="10"/>
        <LoadedDesigner Value="True"/>
      </Unit2>
      <Unit3>
        <Filename Value="../../../../../usr/share/fpcsrc/2.2.4/rtl/objpas/classes/streams.inc"/>
        <EditorIndex Value="-1"/>
        <TopLine Value="462"/>
        <CursorPos X="18" Y="467"/>
        <UsageCount Value="10"/>
        <LoadedDesigner Value="True"/>
      </Unit3>
      <Unit4>
        <Filename Value="../../../../../usr/share/fpcsrc/2.2.4/rtl/objpas/sysutils/filutilh.inc"/>
        <EditorIndex Value="-1"/>
        <TopLine Value="55"/>
        <CursorPos X="10" Y="76"/>
        <UsageCount Value="10"/>
        <LoadedDesigner Value="True"/>
      </Unit4>
      <Unit5>
        <Filename Value="../../../../../usr/share/fpcsrc/2.2.4/rtl/unix/sysutils.pp"/>
        <EditorIndex Value="-1"/>
        <TopLine Value="202"/>
        <CursorPos X="17" Y="205"/>
        <UsageCount Value="10"/>
        <LoadedDesigner Value="True"/>
      </Unit5>
      <Unit6>
        <Filename Value="../../../../../usr/share/fpcsrc/2.2.4/rtl/unix/bunxovlh.inc"/>
        <EditorIndex Value="-1"/>
        <TopLine Value="8"/>
        <CursorPos X="11" Y="32"/>
        <UsageCount Value="10"/>
        <LoadedDesigner Value="True"/>
      </Unit6>
      <Unit7>
        <Filename Value="../../../../../usr/share/fpcsrc/2.2.4/rtl/unix/bunxovl.inc"/>
        <EditorIndex Value="-1"/>
        <TopLine Value="204"/>
        <CursorPos X="11" Y="228"/>
        <UsageCount Value="10"/>
        <LoadedDesigner Value="True"/>
      </Unit7>
    </Units>
    <JumpHistory Count="7" HistoryIndex="6">
      <Position1>
        <Filename Value="main.pas"/>
      </Position1>
      <Position2>
        <Filename Value="main.pas"/>
        <Caret Line="39" Column="29"/>
      </Position2>
      <Position3>
        <Filename Value="main.pas"/>
        <Caret Line="43" Column="11"/>
      </Position3>
      <Position4>
        <Filename Value="main.pas"/>
        <Caret Line="41" Column="30" TopLine="5"/>
      </Position4>
      <Position5>
        <Filename Value="main.pas"/>
        <Caret Line="41" Column="5" TopLine="5"/>
      </Position5>
      <Position6>
        <Filename Value="main.pas"/>
        <Caret Line="39" TopLine="6"/>
      </Position6>
      <Position7>
        <Filename Value="main.pas"/>
        <Caret Line="40" Column="27" TopLine="6"/>
      </Position7>
    </JumpHistory>
  </ProjectOptions>
  <CompilerOptions>
    <Version Value="11"/>
    <SearchPaths>
      <IncludeFiles Value="$(ProjOutDir)"/>
    </SearchPaths>
    <Parsing>
      <SyntaxOptions>
        <UseAnsiStrings Value="False"/>
      </SyntaxOptions>
    </Parsing>
    <Linking>
      <Options>
        <Win32>
          <GraphicApplication Value="True"/>
        </Win32>
      </Options>
    </Linking>
  </CompilerOptions>
  <Debugging>
    <Exceptions Count="3">
      <Item1>
        <Name Value="EAbort"/>
      </Item1>
      <Item2>
        <Name Value="ECodetoolError"/>
      </Item2>
      <Item3>
        <Name Value="EFOpenError"/>
      </Item3>
    </Exceptions>
  </Debugging>
</CONFIG>
